
Microsoft Visual Studio Solution File, Format Version 12.00
# Visual Studio Version 17
VisualStudioVersion = 17.4.33213.308
MinimumVisualStudioVersion = 10.0.40219.1
Project("{FAE04EC0-301F-11D3-BF4B-00C04F79EFBC}") = "Eportafolio", "Eportafolio\Eportafolio.csproj", "{7FB92F48-283A-4670-A415-CF0B5C709001}"
EndProject
Global
	GlobalSection(SolutionConfigurationPlatforms) = preSolution
		Debug|Any CPU = Debug|Any CPU
		Release|Any CPU = Release|Any CPU
	EndGlobalSection
	GlobalSection(ProjectConfigurationPlatforms) = postSolution
		{7FB92F48-283A-4670-A415-CF0B5C709001}.Debug|Any CPU.ActiveCfg = Debug|Any CPU
		{7FB92F48-283A-4670-A415-CF0B5C709001}.Debug|Any CPU.Build.0 = Debug|Any CPU
		{7FB92F48-283A-4670-A415-CF0B5C709001}.Release|Any CPU.ActiveCfg = Release|Any CPU
		{7FB92F48-283A-4670-A415-CF0B5C709001}.Release|Any CPU.Build.0 = Release|Any CPU
	EndGlobalSection
	GlobalSection(SolutionProperties) = preSolution
		HideSolutionNode = FALSE
	EndGlobalSection
	GlobalSection(ExtensibilityGlobals) = postSolution
		SolutionGuid = {A5971A08-D173-47CF-976B-527DC1206C50}
	EndGlobalSection
EndGlobal
